{
  "name": "text-enhancer-extension",
  "lockfileVersion": 3,
  "requires": true,
  "packages": {
    "": {
      "dependencies": {
        "text-enhancer": "^1.0.0"
      }
    },
    "node_modules/text-enhancer": {
      "version": "1.0.0",
      "resolved": "https://registry.npmjs.org/text-enhancer/-/text-enhancer-1.0.0.tgz",
      "integrity": "sha512-KL0IrwyQYs4vMbilRyxw3/BxYwNBTpwBLEi6SnoOFepI9LNQ/QqKYcDRY3NSkyY9VCsQ0/fJDIIxW9Uw9onMRQ==",
      "license": "MIT"
    }
  }
}
